Microsoft Visual Studio Solution File, Format Version 12.00
# Visual Studio Version 17
VisualStudioVersion = 17.5.2.0
MinimumVisualStudioVersion = 10.0.40219.1
Project("{2150E333-8FDC-42A3-9474-1A3956D46DE8}") = "ES-2", "ES-2", "{5B22ED11-C147-B825-FAD4-DB2A0868E598}"
EndProject
Project("{FAE04EC0-301F-11D3-BF4B-00C04F79EFBC}") = "SistemaPrecos.API", "ES-2\backend\SistemaPrecos.API.csproj", "{0DD75FD9-1D6A-64BB-5A4D-EC8C160E2BC3}"
EndProject
Project("{FAE04EC0-301F-11D3-BF4B-00C04F79EFBC}") = "SistemaPrecos.Web", "ES-2\frontend\SistemaPrecos.Web.csproj", "{9485F0C9-E6E9-5568-CC57-CAB454872627}"
EndProject
Global
	GlobalSection(SolutionConfigurationPlatforms) = preSolution
		Debug|Any CPU = Debug|Any CPU
		Release|Any CPU = Release|Any CPU
	EndGlobalSection
	GlobalSection(ProjectConfigurationPlatforms) = postSolution
		{0DD75FD9-1D6A-64BB-5A4D-EC8C160E2BC3}.Debug|Any CPU.ActiveCfg = Debug|Any CPU
		{0DD75FD9-1D6A-64BB-5A4D-EC8C160E2BC3}.Debug|Any CPU.Build.0 = Debug|Any CPU
		{0DD75FD9-1D6A-64BB-5A4D-EC8C160E2BC3}.Release|Any CPU.ActiveCfg = Release|Any CPU
		{0DD75FD9-1D6A-64BB-5A4D-EC8C160E2BC3}.Release|Any CPU.Build.0 = Release|Any CPU
		{9485F0C9-E6E9-5568-CC57-CAB454872627}.Debug|Any CPU.ActiveCfg = Debug|Any CPU
		{9485F0C9-E6E9-5568-CC57-CAB454872627}.Debug|Any CPU.Build.0 = Debug|Any CPU
		{9485F0C9-E6E9-5568-CC57-CAB454872627}.Release|Any CPU.ActiveCfg = Release|Any CPU
		{9485F0C9-E6E9-5568-CC57-CAB454872627}.Release|Any CPU.Build.0 = Release|Any CPU
	EndGlobalSection
	GlobalSection(SolutionProperties) = preSolution
		HideSolutionNode = FALSE
	EndGlobalSection
	GlobalSection(NestedProjects) = preSolution
		{0DD75FD9-1D6A-64BB-5A4D-EC8C160E2BC3} = {5B22ED11-C147-B825-FAD4-DB2A0868E598}
		{9485F0C9-E6E9-5568-CC57-CAB454872627} = {5B22ED11-C147-B825-FAD4-DB2A0868E598}
	EndGlobalSection
	GlobalSection(ExtensibilityGlobals) = postSolution
		SolutionGuid = {A59C955C-0AE0-4CDF-8CCB-5144D23B9A30}
	EndGlobalSection
EndGlobal
